PODS:
  - Alamofire (4.8.1)
  - AlamofireImage (3.5.0):
    - Alamofire (~> 4.8)
  - PureLayout (3.1.4)

DEPENDENCIES:
  - Alamofire (= 4.8.1)
  - AlamofireImage (= 3.5.0)
  - PureLayout (= 3.1.4)

SPEC REPOS:
  trunk:
    - Alamofire
    - AlamofireImage
    - PureLayout

SPEC CHECKSUMS:
  Alamofire: 16ce2c353fb72865124ddae8a57c5942388f4f11
  AlamofireImage: 1aea346f4dda2f6c67622fa5a89fcbb80d79cc16
  PureLayout: f08c01b8dec00bb14a1fefa3de4c7d9c265df85e

PODFILE CHECKSUM: 03e922505aa06fd26ddb1217866bbb91c36433f8

COCOAPODS: 1.10.1
